
Microsoft Visual Studio Solution File, Format Version 12.00
# Visual Studio Version 17
VisualStudioVersion = 17.1.32421.90
MinimumVisualStudioVersion = 10.0.40219.1
Project("{FAE04EC0-301F-11D3-BF4B-00C04F79EFBC}") = "Testforsnake", "Testforsnake\Testforsnake.csproj", "{13D948E7-C1D6-4C89-88B1-E911E70CF559}"
EndProject
Project("{FAE04EC0-301F-11D3-BF4B-00C04F79EFBC}") = "servertest", "servertest\servertest.csproj", "{327FB380-7A00-4FA1-974B-D06E932BB070}"
EndProject
Global
	GlobalSection(SolutionConfigurationPlatforms) = preSolution
		Debug|Any CPU = Debug|Any CPU
		Release|Any CPU = Release|Any CPU
	EndGlobalSection
	GlobalSection(ProjectConfigurationPlatforms) = postSolution
		{13D948E7-C1D6-4C89-88B1-E911E70CF559}.Debug|Any CPU.ActiveCfg = Debug|Any CPU
		{13D948E7-C1D6-4C89-88B1-E911E70CF559}.Debug|Any CPU.Build.0 = Debug|Any CPU
		{13D948E7-C1D6-4C89-88B1-E911E70CF559}.Release|Any CPU.ActiveCfg = Release|Any CPU
		{13D948E7-C1D6-4C89-88B1-E911E70CF559}.Release|Any CPU.Build.0 = Release|Any CPU
		{327FB380-7A00-4FA1-974B-D06E932BB070}.Debug|Any CPU.ActiveCfg = Debug|Any CPU
		{327FB380-7A00-4FA1-974B-D06E932BB070}.Debug|Any CPU.Build.0 = Debug|Any CPU
		{327FB380-7A00-4FA1-974B-D06E932BB070}.Release|Any CPU.ActiveCfg = Release|Any CPU
		{327FB380-7A00-4FA1-974B-D06E932BB070}.Release|Any CPU.Build.0 = Release|Any CPU
	EndGlobalSection
	GlobalSection(SolutionProperties) = preSolution
		HideSolutionNode = FALSE
	EndGlobalSection
	GlobalSection(ExtensibilityGlobals) = postSolution
		SolutionGuid = {85C63C49-3DD4-4F1D-B671-09D87CD60ACE}
	EndGlobalSection
EndGlobal
